
Microsoft Visual Studio Solution File, Format Version 12.00
# Visual Studio Version 16
VisualStudioVersion = 16.0.32002.261
MinimumVisualStudioVersion = 10.0.40219.1
Project("{FAE04EC0-301F-11D3-BF4B-00C04F79EFBC}") = "VoiceCommander", "VoiceCommander.csproj", "{36266E09-BCE4-4B90-8C24-3B26EDAC3B92}"
EndProject
Global
	GlobalSection(SolutionConfigurationPlatforms) = preSolution
		Debug|Any CPU = Debug|Any CPU
		Release|Any CPU = Release|Any CPU
	EndGlobalSection
	GlobalSection(ProjectConfigurationPlatforms) = postSolution
		{36266E09-BCE4-4B90-8C24-3B26EDAC3B92}.Debug|Any CPU.ActiveCfg = Debug|Any CPU
		{36266E09-BCE4-4B90-8C24-3B26EDAC3B92}.Debug|Any CPU.Build.0 = Debug|Any CPU
		{36266E09-BCE4-4B90-8C24-3B26EDAC3B92}.Release|Any CPU.ActiveCfg = Release|Any CPU
		{36266E09-BCE4-4B90-8C24-3B26EDAC3B92}.Release|Any CPU.Build.0 = Release|Any CPU
	EndGlobalSection
	GlobalSection(SolutionProperties) = preSolution
		HideSolutionNode = FALSE
	EndGlobalSection
	GlobalSection(ExtensibilityGlobals) = postSolution
		SolutionGuid = {F47082A9-967D-4313-8828-6EF90E9E0C5A}
	EndGlobalSection
EndGlobal
